
Microsoft Visual Studio Solution File, Format Version 12.00
Project("{FAE04EC0-301F-11D3-BF4B-00C04F79EFBC}") = "NihFix.EfCore3.DbFunctions", "NihFix.EfCore3.DbFunctions\NihFix.EfCore3.DbFunctions.csproj", "{7C1934F4-4A92-4578-8CF3-BA004F416E1A}"
EndProject
Project("{FAE04EC0-301F-11D3-BF4B-00C04F79EFBC}") = "NihFix.EfCore3.DbFunctions.Sample", "NihFix.EfCore3.DbFunctions.Sample\NihFix.EfCore3.DbFunctions.Sample.csproj", "{9CA84B92-82E6-4902-8107-9EED4F566951}"
EndProject
Global
	GlobalSection(SolutionConfigurationPlatforms) = preSolution
		Debug|Any CPU = Debug|Any CPU
		Release|Any CPU = Release|Any CPU
	EndGlobalSection
	GlobalSection(ProjectConfigurationPlatforms) = postSolution
		{7C1934F4-4A92-4578-8CF3-BA004F416E1A}.Debug|Any CPU.ActiveCfg = Debug|Any CPU
		{7C1934F4-4A92-4578-8CF3-BA004F416E1A}.Debug|Any CPU.Build.0 = Debug|Any CPU
		{7C1934F4-4A92-4578-8CF3-BA004F416E1A}.Release|Any CPU.ActiveCfg = Release|Any CPU
		{7C1934F4-4A92-4578-8CF3-BA004F416E1A}.Release|Any CPU.Build.0 = Release|Any CPU
		{9CA84B92-82E6-4902-8107-9EED4F566951}.Debug|Any CPU.ActiveCfg = Debug|Any CPU
		{9CA84B92-82E6-4902-8107-9EED4F566951}.Debug|Any CPU.Build.0 = Debug|Any CPU
		{9CA84B92-82E6-4902-8107-9EED4F566951}.Release|Any CPU.ActiveCfg = Release|Any CPU
		{9CA84B92-82E6-4902-8107-9EED4F566951}.Release|Any CPU.Build.0 = Release|Any CPU
	EndGlobalSection
EndGlobal
